
Microsoft Visual Studio Solution File, Format Version 12.00
# Visual Studio Version 17
VisualStudioVersion = 17.7.34031.279
MinimumVisualStudioVersion = 10.0.40219.1
Project("{FAE04EC0-301F-11D3-BF4B-00C04F79EFBC}") = "hellomvc", "hellomvc\hellomvc.csproj", "{FAD36AB7-A670-4F33-8499-22DED9F25ECD}"
EndProject
Global
	GlobalSection(SolutionConfigurationPlatforms) = preSolution
		Debug|Any CPU = Debug|Any CPU
		Release|Any CPU = Release|Any CPU
	EndGlobalSection
	GlobalSection(ProjectConfigurationPlatforms) = postSolution
		{FAD36AB7-A670-4F33-8499-22DED9F25ECD}.Debug|Any CPU.ActiveCfg = Debug|Any CPU
		{FAD36AB7-A670-4F33-8499-22DED9F25ECD}.Debug|Any CPU.Build.0 = Debug|Any CPU
		{FAD36AB7-A670-4F33-8499-22DED9F25ECD}.Release|Any CPU.ActiveCfg = Release|Any CPU
		{FAD36AB7-A670-4F33-8499-22DED9F25ECD}.Release|Any CPU.Build.0 = Release|Any CPU
	EndGlobalSection
	GlobalSection(SolutionProperties) = preSolution
		HideSolutionNode = FALSE
	EndGlobalSection
	GlobalSection(ExtensibilityGlobals) = postSolution
		SolutionGuid = {B35965D5-3C2E-4407-9A01-AFB907DAD986}
	EndGlobalSection
EndGlobal
